
Microsoft Visual Studio Solution File, Format Version 12.00
# Visual Studio 14
VisualStudioVersion = 14.0.25420.1
MinimumVisualStudioVersion = 10.0.40219.1
Project("{FAE04EC0-301F-11D3-BF4B-00C04F79EFBC}") = "FinalProject", "FinalProject\FinalProject\FinalProject.csproj", "{54F17107-436D-407A-B21C-5C51F25CF832}"
EndProject
Project("{FAE04EC0-301F-11D3-BF4B-00C04F79EFBC}") = "FinalProject.Droid", "FinalProject\FinalProject.Droid\FinalProject.Droid.csproj", "{24EA46FF-F59E-4E29-AF27-767293BAE003}"
EndProject
Project("{FAE04EC0-301F-11D3-BF4B-00C04F79EFBC}") = "FinalProject.iOS", "FinalProject\FinalProject.iOS\FinalProject.iOS.csproj", "{B7E51B98-4801-4B32-9A11-6316867306D8}"
EndProject
Project("{FAE04EC0-301F-11D3-BF4B-00C04F79EFBC}") = "FinalProject.WinPhone", "FinalProject\FinalProject.WinPhone\FinalProject.WinPhone.csproj", "{9E532B8F-F43F-46A4-8858-5DC16EB6FBB2}"
EndProject
Project("{FAE04EC0-301F-11D3-BF4B-00C04F79EFBC}") = "FinalProject.UWP", "FinalProject\FinalProject.UWP\FinalProject.UWP.csproj", "{11DE721F-392A-4D48-9933-61573CD16F2A}"
EndProject
Project("{FAE04EC0-301F-11D3-BF4B-00C04F79EFBC}") = "FinalProject.Windows", "FinalProject\FinalProject.Windows\FinalProject.Windows.csproj", "{4700A658-D289-4886-85D9-15B809C98960}"
EndProject
Global
	GlobalSection(SolutionConfigurationPlatforms) = preSolution
		Ad-Hoc|Any CPU = Ad-Hoc|Any CPU
		Ad-Hoc|ARM = Ad-Hoc|ARM
		Ad-Hoc|iPhone = Ad-Hoc|iPhone
		Ad-Hoc|iPhoneSimulator = Ad-Hoc|iPhoneSimulator
		Ad-Hoc|x64 = Ad-Hoc|x64
		Ad-Hoc|x86 = Ad-Hoc|x86
		AppStore|Any CPU = AppStore|Any CPU
		AppStore|ARM = AppStore|ARM
		AppStore|iPhone = AppStore|iPhone
		AppStore|iPhoneSimulator = AppStore|iPhoneSimulator
		AppStore|x64 = AppStore|x64
		AppStore|x86 = AppStore|x86
		Debug|Any CPU = Debug|Any CPU
		Debug|ARM = Debug|ARM
		Debug|iPhone = Debug|iPhone
		Debug|iPhoneSimulator = Debug|iPhoneSimulator
		Debug|x64 = Debug|x64
		Debug|x86 = Debug|x86
		Release|Any CPU = Release|Any CPU
		Release|ARM = Release|ARM
		Release|iPhone = Release|iPhone
		Release|iPhoneSimulator = Release|iPhoneSimulator
		Release|x64 = Release|x64
		Release|x86 = Release|x86
	EndGlobalSection
	GlobalSection(ProjectConfigurationPlatforms) = postSolution
		{54F17107-436D-407A-B21C-5C51F25CF832}.Ad-Hoc|Any CPU.ActiveCfg = Release|Any CPU
		{54F17107-436D-407A-B21C-5C51F25CF832}.Ad-Hoc|Any CPU.Build.0 = Release|Any CPU
		{54F17107-436D-407A-B21C-5C51F25CF832}.Ad-Hoc|ARM.ActiveCfg = Release|Any CPU
		{54F17107-436D-407A-B21C-5C51F25CF832}.Ad-Hoc|ARM.Build.0 = Release|Any CPU
		{54F17107-436D-407A-B21C-5C51F25CF832}.Ad-Hoc|iPhone.ActiveCfg = Release|Any CPU
		{54F17107-436D-407A-B21C-5C51F25CF832}.Ad-Hoc|iPhone.Build.0 = Release|Any CPU
		{54F17107-436D-407A-B21C-5C51F25CF832}.Ad-Hoc|iPhoneSimulator.ActiveCfg = Release|Any CPU
		{54F17107-436D-407A-B21C-5C51F25CF832}.Ad-Hoc|iPhoneSimulator.Build.0 = Release|Any CPU
		{54F17107-436D-407A-B21C-5C51F25CF832}.Ad-Hoc|x64.ActiveCfg = Release|Any CPU
		{54F17107-436D-407A-B21C-5C51F25CF832}.Ad-Hoc|x64.Build.0 = Release|Any CPU
		{54F17107-436D-407A-B21C-5C51F25CF832}.Ad-Hoc|x86.ActiveCfg = Release|Any CPU
		{54F17107-436D-407A-B21C-5C51F25CF832}.Ad-Hoc|x86.Build.0 = Release|Any CPU
		{54F17107-436D-407A-B21C-5C51F25CF832}.AppStore|Any CPU.ActiveCfg = Release|Any CPU
		{54F17107-436D-407A-B21C-5C51F25CF832}.AppStore|Any CPU.Build.0 = Release|Any CPU
		{54F17107-436D-407A-B21C-5C51F25CF832}.AppStore|ARM.ActiveCfg = Release|Any CPU
		{54F17107-436D-407A-B21C-5C51F25CF832}.AppStore|ARM.Build.0 = Release|Any CPU
		{54F17107-436D-407A-B21C-5C51F25CF832}.AppStore|iPhone.ActiveCfg = Release|Any CPU
		{54F17107-436D-407A-B21C-5C51F25CF832}.AppStore|iPhone.Build.0 = Release|Any CPU
		{54F17107-436D-407A-B21C-5C51F25CF832}.AppStore|iPhoneSimulator.ActiveCfg = Release|Any CPU
		{54F17107-436D-407A-B21C-5C51F25CF832}.AppStore|iPhoneSimulator.Build.0 = Release|Any CPU
		{54F17107-436D-407A-B21C-5C51F25CF832}.AppStore|x64.ActiveCfg = Release|Any CPU
		{54F17107-436D-407A-B21C-5C51F25CF832}.AppStore|x64.Build.0 = Release|Any CPU
		{54F17107-436D-407A-B21C-5C51F25CF832}.AppStore|x86.ActiveCfg = Release|Any CPU
		{54F17107-436D-407A-B21C-5C51F25CF832}.AppStore|x86.Build.0 = Release|Any CPU
		{54F17107-436D-407A-B21C-5C51F25CF832}.Debug|Any CPU.ActiveCfg = Debug|Any CPU
		{54F17107-436D-407A-B21C-5C51F25CF832}.Debug|Any CPU.Build.0 = Debug|Any CPU
		{54F17107-436D-407A-B21C-5C51F25CF832}.Debug|ARM.ActiveCfg = Debug|Any CPU
		{54F17107-436D-407A-B21C-5C51F25CF832}.Debug|ARM.Build.0 = Debug|Any CPU
		{54F17107-436D-407A-B21C-5C51F25CF832}.Debug|iPhone.ActiveCfg = Debug|Any CPU
		{54F17107-436D-407A-B21C-5C51F25CF832}.Debug|iPhone.Build.0 = Debug|Any CPU
		{54F17107-436D-407A-B21C-5C51F25CF832}.Debug|iPhoneSimulator.ActiveCfg = Debug|Any CPU
		{54F17107-436D-407A-B21C-5C51F25CF832}.Debug|iPhoneSimulator.Build.0 = Debug|Any CPU
		{54F17107-436D-407A-B21C-5C51F25CF832}.Debug|x64.ActiveCfg = Debug|Any CPU
		{54F17107-436D-407A-B21C-5C51F25CF832}.Debug|x64.Build.0 = Debug|Any CPU
		{54F17107-436D-407A-B21C-5C51F25CF832}.Debug|x86.ActiveCfg = Debug|Any CPU
		{54F17107-436D-407A-B21C-5C51F25CF832}.Debug|x86.Build.0 = Debug|Any CPU
		{54F17107-436D-407A-B21C-5C51F25CF832}.Release|Any CPU.ActiveCfg = Release|Any CPU
		{54F17107-436D-407A-B21C-5C51F25CF832}.Release|Any CPU.Build.0 = Release|Any CPU
		{54F17107-436D-407A-B21C-5C51F25CF832}.Release|ARM.ActiveCfg = Release|Any CPU
		{54F17107-436D-407A-B21C-5C51F25CF832}.Release|ARM.Build.0 = Release|Any CPU
		{54F17107-436D-407A-B21C-5C51F25CF832}.Release|iPhone.ActiveCfg = Release|Any CPU
		{54F17107-436D-407A-B21C-5C51F25CF832}.Release|iPhone.Build.0 = Release|Any CPU
		{54F17107-436D-407A-B21C-5C51F25CF832}.Release|iPhoneSimulator.ActiveCfg = Release|Any CPU
		{54F17107-436D-407A-B21C-5C51F25CF832}.Release|iPhoneSimulator.Build.0 = Release|Any CPU
		{54F17107-436D-407A-B21C-5C51F25CF832}.Release|x64.ActiveCfg = Release|Any CPU
		{54F17107-436D-407A-B21C-5C51F25CF832}.Release|x64.Build.0 = Release|Any CPU
		{54F17107-436D-407A-B21C-5C51F25CF832}.Release|x86.ActiveCfg = Release|Any CPU
		{54F17107-436D-407A-B21C-5C51F25CF832}.Release|x86.Build.0 = Release|Any CPU
		{24EA46FF-F59E-4E29-AF27-767293BAE003}.Ad-Hoc|Any CPU.ActiveCfg = Release|Any CPU
		{24EA46FF-F59E-4E29-AF27-767293BAE003}.Ad-Hoc|Any CPU.Build.0 = Release|Any CPU
		{24EA46FF-F59E-4E29-AF27-767293BAE003}.Ad-Hoc|Any CPU.Deploy.0 = Release|Any CPU
		{24EA46FF-F59E-4E29-AF27-767293BAE003}.Ad-Hoc|ARM.ActiveCfg = Release|Any CPU
		{24EA46FF-F59E-4E29-AF27-767293BAE003}.Ad-Hoc|ARM.Build.0 = Release|Any CPU
		{24EA46FF-F59E-4E29-AF27-767293BAE003}.Ad-Hoc|ARM.Deploy.0 = Release|Any CPU
		{24EA46FF-F59E-4E29-AF27-767293BAE003}.Ad-Hoc|iPhone.ActiveCfg = Release|Any CPU
		{24EA46FF-F59E-4E29-AF27-767293BAE003}.Ad-Hoc|iPhone.Build.0 = Release|Any CPU
		{24EA46FF-F59E-4E29-AF27-767293BAE003}.Ad-Hoc|iPhone.Deploy.0 = Release|Any CPU
		{24EA46FF-F59E-4E29-AF27-767293BAE003}.Ad-Hoc|iPhoneSimulator.ActiveCfg = Release|Any CPU
		{24EA46FF-F59E-4E29-AF27-767293BAE003}.Ad-Hoc|iPhoneSimulator.Build.0 = Release|Any CPU
		{24EA46FF-F59E-4E29-AF27-767293BAE003}.Ad-Hoc|iPhoneSimulator.Deploy.0 = Release|Any CPU
		{24EA46FF-F59E-4E29-AF27-767293BAE003}.Ad-Hoc|x64.ActiveCfg = Release|Any CPU
		{24EA46FF-F59E-4E29-AF27-767293BAE003}.Ad-Hoc|x64.Build.0 = Release|Any CPU
		{24EA46FF-F59E-4E29-AF27-767293BAE003}.Ad-Hoc|x64.Deploy.0 = Release|Any CPU
		{24EA46FF-F59E-4E29-AF27-767293BAE003}.Ad-Hoc|x86.ActiveCfg = Release|Any CPU
		{24EA46FF-F59E-4E29-AF27-767293BAE003}.Ad-Hoc|x86.Build.0 = Release|Any CPU
		{24EA46FF-F59E-4E29-AF27-767293BAE003}.Ad-Hoc|x86.Deploy.0 = Release|Any CPU
		{24EA46FF-F59E-4E29-AF27-767293BAE003}.AppStore|Any CPU.ActiveCfg = Release|Any CPU
		{24EA46FF-F59E-4E29-AF27-767293BAE003}.AppStore|Any CPU.Build.0 = Release|Any CPU
		{24EA46FF-F59E-4E29-AF27-767293BAE003}.AppStore|Any CPU.Deploy.0 = Release|Any CPU
		{24EA46FF-F59E-4E29-AF27-767293BAE003}.AppStore|ARM.ActiveCfg = Release|Any CPU
		{24EA46FF-F59E-4E29-AF27-767293BAE003}.AppStore|ARM.Build.0 = Release|Any CPU
		{24EA46FF-F59E-4E29-AF27-767293BAE003}.AppStore|ARM.Deploy.0 = Release|Any CPU
		{24EA46FF-F59E-4E29-AF27-767293BAE003}.AppStore|iPhone.ActiveCfg = Release|Any CPU
		{24EA46FF-F59E-4E29-AF27-767293BAE003}.AppStore|iPhone.Build.0 = Release|Any CPU
		{24EA46FF-F59E-4E29-AF27-767293BAE003}.AppStore|iPhone.Deploy.0 = Release|Any CPU
		{24EA46FF-F59E-4E29-AF27-767293BAE003}.AppStore|iPhoneSimulator.ActiveCfg = Release|Any CPU
		{24EA46FF-F59E-4E29-AF27-767293BAE003}.AppStore|iPhoneSimulator.Build.0 = Release|Any CPU
		{24EA46FF-F59E-4E29-AF27-767293BAE003}.AppStore|iPhoneSimulator.Deploy.0 = Release|Any CPU
		{24EA46FF-F59E-4E29-AF27-767293BAE003}.AppStore|x64.ActiveCfg = Release|Any CPU
		{24EA46FF-F59E-4E29-AF27-767293BAE003}.AppStore|x64.Build.0 = Release|Any CPU
		{24EA46FF-F59E-4E29-AF27-767293BAE003}.AppStore|x64.Deploy.0 = Release|Any CPU
		{24EA46FF-F59E-4E29-AF27-767293BAE003}.AppStore|x86.ActiveCfg = Release|Any CPU
		{24EA46FF-F59E-4E29-AF27-767293BAE003}.AppStore|x86.Build.0 = Release|Any CPU
		{24EA46FF-F59E-4E29-AF27-767293BAE003}.AppStore|x86.Deploy.0 = Release|Any CPU
		{24EA46FF-F59E-4E29-AF27-767293BAE003}.Debug|Any CPU.ActiveCfg = Debug|Any CPU
		{24EA46FF-F59E-4E29-AF27-767293BAE003}.Debug|Any CPU.Build.0 = Debug|Any CPU
		{24EA46FF-F59E-4E29-AF27-767293BAE003}.Debug|Any CPU.Deploy.0 = Debug|Any CPU
		{24EA46FF-F59E-4E29-AF27-767293BAE003}.Debug|ARM.ActiveCfg = Debug|Any CPU
		{24EA46FF-F59E-4E29-AF27-767293BAE003}.Debug|ARM.Build.0 = Debug|Any CPU
		{24EA46FF-F59E-4E29-AF27-767293BAE003}.Debug|ARM.Deploy.0 = Debug|Any CPU
		{24EA46FF-F59E-4E29-AF27-767293BAE003}.Debug|iPhone.ActiveCfg = Debug|Any CPU
		{24EA46FF-F59E-4E29-AF27-767293BAE003}.Debug|iPhone.Build.0 = Debug|Any CPU
		{24EA46FF-F59E-4E29-AF27-767293BAE003}.Debug|iPhone.Deploy.0 = Debug|Any CPU
		{24EA46FF-F59E-4E29-AF27-767293BAE003}.Debug|iPhoneSimulator.ActiveCfg = Debug|Any CPU
		{24EA46FF-F59E-4E29-AF27-767293BAE003}.Debug|iPhoneSimulator.Build.0 = Debug|Any CPU
		{24EA46FF-F59E-4E29-AF27-767293BAE003}.Debug|iPhoneSimulator.Deploy.0 = Debug|Any CPU
		{24EA46FF-F59E-4E29-AF27-767293BAE003}.Debug|x64.ActiveCfg = Debug|Any CPU
		{24EA46FF-F59E-4E29-AF27-767293BAE003}.Debug|x64.Build.0 = Debug|Any CPU
		{24EA46FF-F59E-4E29-AF27-767293BAE003}.Debug|x64.Deploy.0 = Debug|Any CPU
		{24EA46FF-F59E-4E29-AF27-767293BAE003}.Debug|x86.ActiveCfg = Debug|Any CPU
		{24EA46FF-F59E-4E29-AF27-767293BAE003}.Debug|x86.Build.0 = Debug|Any CPU
		{24EA46FF-F59E-4E29-AF27-767293BAE003}.Debug|x86.Deploy.0 = Debug|Any CPU
		{24EA46FF-F59E-4E29-AF27-767293BAE003}.Release|Any CPU.ActiveCfg = Release|Any CPU
		{24EA46FF-F59E-4E29-AF27-767293BAE003}.Release|Any CPU.Build.0 = Release|Any CPU
		{24EA46FF-F59E-4E29-AF27-767293BAE003}.Release|Any CPU.Deploy.0 = Release|Any CPU
		{24EA46FF-F59E-4E29-AF27-767293BAE003}.Release|ARM.ActiveCfg = Release|Any CPU
		{24EA46FF-F59E-4E29-AF27-767293BAE003}.Release|ARM.Build.0 = Release|Any CPU
		{24EA46FF-F59E-4E29-AF27-767293BAE003}.Release|ARM.Deploy.0 = Release|Any CPU
		{24EA46FF-F59E-4E29-AF27-767293BAE003}.Release|iPhone.ActiveCfg = Release|Any CPU
		{24EA46FF-F59E-4E29-AF27-767293BAE003}.Release|iPhone.Build.0 = Release|Any CPU
		{24EA46FF-F59E-4E29-AF27-767293BAE003}.Release|iPhone.Deploy.0 = Release|Any CPU
		{24EA46FF-F59E-4E29-AF27-767293BAE003}.Release|iPhoneSimulator.ActiveCfg = Release|Any CPU
		{24EA46FF-F59E-4E29-AF27-767293BAE003}.Release|iPhoneSimulator.Build.0 = Release|Any CPU
		{24EA46FF-F59E-4E29-AF27-767293BAE003}.Release|iPhoneSimulator.Deploy.0 = Release|Any CPU
		{24EA46FF-F59E-4E29-AF27-767293BAE003}.Release|x64.ActiveCfg = Release|Any CPU
		{24EA46FF-F59E-4E29-AF27-767293BAE003}.Release|x64.Build.0 = Release|Any CPU
		{24EA46FF-F59E-4E29-AF27-767293BAE003}.Release|x64.Deploy.0 = Release|Any CPU
		{24EA46FF-F59E-4E29-AF27-767293BAE003}.Release|x86.ActiveCfg = Release|Any CPU
		{24EA46FF-F59E-4E29-AF27-767293BAE003}.Release|x86.Build.0 = Release|Any CPU
		{24EA46FF-F59E-4E29-AF27-767293BAE003}.Release|x86.Deploy.0 = Release|Any CPU
		{B7E51B98-4801-4B32-9A11-6316867306D8}.Ad-Hoc|Any CPU.ActiveCfg = Ad-Hoc|iPhone
		{B7E51B98-4801-4B32-9A11-6316867306D8}.Ad-Hoc|ARM.ActiveCfg = Ad-Hoc|iPhone
		{B7E51B98-4801-4B32-9A11-6316867306D8}.Ad-Hoc|iPhone.ActiveCfg = Ad-Hoc|iPhone
		{B7E51B98-4801-4B32-9A11-6316867306D8}.Ad-Hoc|iPhone.Build.0 = Ad-Hoc|iPhone
		{B7E51B98-4801-4B32-9A11-6316867306D8}.Ad-Hoc|iPhoneSimulator.ActiveCfg = Ad-Hoc|iPhoneSimulator
		{B7E51B98-4801-4B32-9A11-6316867306D8}.Ad-Hoc|iPhoneSimulator.Build.0 = Ad-Hoc|iPhoneSimulator
		{B7E51B98-4801-4B32-9A11-6316867306D8}.Ad-Hoc|x64.ActiveCfg = Ad-Hoc|iPhone
		{B7E51B98-4801-4B32-9A11-6316867306D8}.Ad-Hoc|x86.ActiveCfg = Ad-Hoc|iPhone
		{B7E51B98-4801-4B32-9A11-6316867306D8}.AppStore|Any CPU.ActiveCfg = AppStore|iPhone
		{B7E51B98-4801-4B32-9A11-6316867306D8}.AppStore|ARM.ActiveCfg = AppStore|iPhone
		{B7E51B98-4801-4B32-9A11-6316867306D8}.AppStore|iPhone.ActiveCfg = AppStore|iPhone
		{B7E51B98-4801-4B32-9A11-6316867306D8}.AppStore|iPhone.Build.0 = AppStore|iPhone
		{B7E51B98-4801-4B32-9A11-6316867306D8}.AppStore|iPhoneSimulator.ActiveCfg = AppStore|iPhoneSimulator
		{B7E51B98-4801-4B32-9A11-6316867306D8}.AppStore|iPhoneSimulator.Build.0 = AppStore|iPhoneSimulator
		{B7E51B98-4801-4B32-9A11-6316867306D8}.AppStore|x64.ActiveCfg = AppStore|iPhone
		{B7E51B98-4801-4B32-9A11-6316867306D8}.AppStore|x86.ActiveCfg = AppStore|iPhone
		{B7E51B98-4801-4B32-9A11-6316867306D8}.Debug|Any CPU.ActiveCfg = Debug|iPhone
		{B7E51B98-4801-4B32-9A11-6316867306D8}.Debug|ARM.ActiveCfg = Debug|iPhone
		{B7E51B98-4801-4B32-9A11-6316867306D8}.Debug|iPhone.ActiveCfg = Debug|iPhone
		{B7E51B98-4801-4B32-9A11-6316867306D8}.Debug|iPhone.Build.0 = Debug|iPhone
		{B7E51B98-4801-4B32-9A11-6316867306D8}.Debug|iPhoneSimulator.ActiveCfg = Debug|iPhoneSimulator
		{B7E51B98-4801-4B32-9A11-6316867306D8}.Debug|iPhoneSimulator.Build.0 = Debug|iPhoneSimulator
		{B7E51B98-4801-4B32-9A11-6316867306D8}.Debug|x64.ActiveCfg = Debug|iPhone
		{B7E51B98-4801-4B32-9A11-6316867306D8}.Debug|x86.ActiveCfg = Debug|iPhone
		{B7E51B98-4801-4B32-9A11-6316867306D8}.Release|Any CPU.ActiveCfg = Release|iPhone
		{B7E51B98-4801-4B32-9A11-6316867306D8}.Release|ARM.ActiveCfg = Release|iPhone
		{B7E51B98-4801-4B32-9A11-6316867306D8}.Release|iPhone.ActiveCfg = Release|iPhone
		{B7E51B98-4801-4B32-9A11-6316867306D8}.Release|iPhone.Build.0 = Release|iPhone
		{B7E51B98-4801-4B32-9A11-6316867306D8}.Release|iPhoneSimulator.ActiveCfg = Release|iPhoneSimulator
		{B7E51B98-4801-4B32-9A11-6316867306D8}.Release|iPhoneSimulator.Build.0 = Release|iPhoneSimulator
		{B7E51B98-4801-4B32-9A11-6316867306D8}.Release|x64.ActiveCfg = Release|iPhone
		{B7E51B98-4801-4B32-9A11-6316867306D8}.Release|x86.ActiveCfg = Release|iPhone
		{9E532B8F-F43F-46A4-8858-5DC16EB6FBB2}.Ad-Hoc|Any CPU.ActiveCfg = Release|Any CPU
		{9E532B8F-F43F-46A4-8858-5DC16EB6FBB2}.Ad-Hoc|Any CPU.Build.0 = Release|Any CPU
		{9E532B8F-F43F-46A4-8858-5DC16EB6FBB2}.Ad-Hoc|Any CPU.Deploy.0 = Release|Any CPU
		{9E532B8F-F43F-46A4-8858-5DC16EB6FBB2}.Ad-Hoc|ARM.ActiveCfg = Release|ARM
		{9E532B8F-F43F-46A4-8858-5DC16EB6FBB2}.Ad-Hoc|ARM.Build.0 = Release|ARM
		{9E532B8F-F43F-46A4-8858-5DC16EB6FBB2}.Ad-Hoc|ARM.Deploy.0 = Release|ARM
		{9E532B8F-F43F-46A4-8858-5DC16EB6FBB2}.Ad-Hoc|iPhone.ActiveCfg = Release|Any CPU
		{9E532B8F-F43F-46A4-8858-5DC16EB6FBB2}.Ad-Hoc|iPhone.Build.0 = Release|Any CPU
		{9E532B8F-F43F-46A4-8858-5DC16EB6FBB2}.Ad-Hoc|iPhone.Deploy.0 = Release|Any CPU
		{9E532B8F-F43F-46A4-8858-5DC16EB6FBB2}.Ad-Hoc|iPhoneSimulator.ActiveCfg = Release|Any CPU
		{9E532B8F-F43F-46A4-8858-5DC16EB6FBB2}.Ad-Hoc|iPhoneSimulator.Build.0 = Release|Any CPU
		{9E532B8F-F43F-46A4-8858-5DC16EB6FBB2}.Ad-Hoc|iPhoneSimulator.Deploy.0 = Release|Any CPU
		{9E532B8F-F43F-46A4-8858-5DC16EB6FBB2}.Ad-Hoc|x64.ActiveCfg = Release|Any CPU
		{9E532B8F-F43F-46A4-8858-5DC16EB6FBB2}.Ad-Hoc|x64.Build.0 = Release|Any CPU
		{9E532B8F-F43F-46A4-8858-5DC16EB6FBB2}.Ad-Hoc|x64.Deploy.0 = Release|Any CPU
		{9E532B8F-F43F-46A4-8858-5DC16EB6FBB2}.Ad-Hoc|x86.ActiveCfg = Release|x86
		{9E532B8F-F43F-46A4-8858-5DC16EB6FBB2}.Ad-Hoc|x86.Build.0 = Release|x86
		{9E532B8F-F43F-46A4-8858-5DC16EB6FBB2}.Ad-Hoc|x86.Deploy.0 = Release|x86
		{9E532B8F-F43F-46A4-8858-5DC16EB6FBB2}.AppStore|Any CPU.ActiveCfg = Release|Any CPU
		{9E532B8F-F43F-46A4-8858-5DC16EB6FBB2}.AppStore|Any CPU.Build.0 = Release|Any CPU
		{9E532B8F-F43F-46A4-8858-5DC16EB6FBB2}.AppStore|Any CPU.Deploy.0 = Release|Any CPU
		{9E532B8F-F43F-46A4-8858-5DC16EB6FBB2}.AppStore|ARM.ActiveCfg = Release|ARM
		{9E532B8F-F43F-46A4-8858-5DC16EB6FBB2}.AppStore|ARM.Build.0 = Release|ARM
		{9E532B8F-F43F-46A4-8858-5DC16EB6FBB2}.AppStore|ARM.Deploy.0 = Release|ARM
		{9E532B8F-F43F-46A4-8858-5DC16EB6FBB2}.AppStore|iPhone.ActiveCfg = Release|Any CPU
		{9E532B8F-F43F-46A4-8858-5DC16EB6FBB2}.AppStore|iPhone.Build.0 = Release|Any CPU
		{9E532B8F-F43F-46A4-8858-5DC16EB6FBB2}.AppStore|iPhone.Deploy.0 = Release|Any CPU
		{9E532B8F-F43F-46A4-8858-5DC16EB6FBB2}.AppStore|iPhoneSimulator.ActiveCfg = Release|Any CPU
		{9E532B8F-F43F-46A4-8858-5DC16EB6FBB2}.AppStore|iPhoneSimulator.Build.0 = Release|Any CPU
		{9E532B8F-F43F-46A4-8858-5DC16EB6FBB2}.AppStore|iPhoneSimulator.Deploy.0 = Release|Any CPU
		{9E532B8F-F43F-46A4-8858-5DC16EB6FBB2}.AppStore|x64.ActiveCfg = Release|Any CPU
		{9E532B8F-F43F-46A4-8858-5DC16EB6FBB2}.AppStore|x64.Build.0 = Release|Any CPU
		{9E532B8F-F43F-46A4-8858-5DC16EB6FBB2}.AppStore|x64.Deploy.0 = Release|Any CPU
		{9E532B8F-F43F-46A4-8858-5DC16EB6FBB2}.AppStore|x86.ActiveCfg = Release|x86
		{9E532B8F-F43F-46A4-8858-5DC16EB6FBB2}.AppStore|x86.Build.0 = Release|x86
		{9E532B8F-F43F-46A4-8858-5DC16EB6FBB2}.AppStore|x86.Deploy.0 = Release|x86
		{9E532B8F-F43F-46A4-8858-5DC16EB6FBB2}.Debug|Any CPU.ActiveCfg = Debug|Any CPU
		{9E532B8F-F43F-46A4-8858-5DC16EB6FBB2}.Debug|Any CPU.Build.0 = Debug|Any CPU
		{9E532B8F-F43F-46A4-8858-5DC16EB6FBB2}.Debug|Any CPU.Deploy.0 = Debug|Any CPU
		{9E532B8F-F43F-46A4-8858-5DC16EB6FBB2}.Debug|ARM.ActiveCfg = Debug|ARM
		{9E532B8F-F43F-46A4-8858-5DC16EB6FBB2}.Debug|ARM.Build.0 = Debug|ARM
		{9E532B8F-F43F-46A4-8858-5DC16EB6FBB2}.Debug|ARM.Deploy.0 = Debug|ARM
		{9E532B8F-F43F-46A4-8858-5DC16EB6FBB2}.Debug|iPhone.ActiveCfg = Debug|Any CPU
		{9E532B8F-F43F-46A4-8858-5DC16EB6FBB2}.Debug|iPhone.Build.0 = Debug|Any CPU
		{9E532B8F-F43F-46A4-8858-5DC16EB6FBB2}.Debug|iPhone.Deploy.0 = Debug|Any CPU
		{9E532B8F-F43F-46A4-8858-5DC16EB6FBB2}.Debug|iPhoneSimulator.ActiveCfg = Debug|Any CPU
		{9E532B8F-F43F-46A4-8858-5DC16EB6FBB2}.Debug|iPhoneSimulator.Build.0 = Debug|Any CPU
		{9E532B8F-F43F-46A4-8858-5DC16EB6FBB2}.Debug|iPhoneSimulator.Deploy.0 = Debug|Any CPU
		{9E532B8F-F43F-46A4-8858-5DC16EB6FBB2}.Debug|x64.ActiveCfg = Debug|Any CPU
		{9E532B8F-F43F-46A4-8858-5DC16EB6FBB2}.Debug|x64.Build.0 = Debug|Any CPU
		{9E532B8F-F43F-46A4-8858-5DC16EB6FBB2}.Debug|x64.Deploy.0 = Debug|Any CPU
		{9E532B8F-F43F-46A4-8858-5DC16EB6FBB2}.Debug|x86.ActiveCfg = Debug|x86
		{9E532B8F-F43F-46A4-8858-5DC16EB6FBB2}.Debug|x86.Build.0 = Debug|x86
		{9E532B8F-F43F-46A4-8858-5DC16EB6FBB2}.Debug|x86.Deploy.0 = Debug|x86
		{9E532B8F-F43F-46A4-8858-5DC16EB6FBB2}.Release|Any CPU.ActiveCfg = Release|Any CPU
		{9E532B8F-F43F-46A4-8858-5DC16EB6FBB2}.Release|Any CPU.Build.0 = Release|Any CPU
		{9E532B8F-F43F-46A4-8858-5DC16EB6FBB2}.Release|Any CPU.Deploy.0 = Release|Any CPU
		{9E532B8F-F43F-46A4-8858-5DC16EB6FBB2}.Release|ARM.ActiveCfg = Release|ARM
		{9E532B8F-F43F-46A4-8858-5DC16EB6FBB2}.Release|ARM.Build.0 = Release|ARM
		{9E532B8F-F43F-46A4-8858-5DC16EB6FBB2}.Release|ARM.Deploy.0 = Release|ARM
		{9E532B8F-F43F-46A4-8858-5DC16EB6FBB2}.Release|iPhone.ActiveCfg = Release|Any CPU
		{9E532B8F-F43F-46A4-8858-5DC16EB6FBB2}.Release|iPhone.Build.0 = Release|Any CPU
		{9E532B8F-F43F-46A4-8858-5DC16EB6FBB2}.Release|iPhone.Deploy.0 = Release|Any CPU
		{9E532B8F-F43F-46A4-8858-5DC16EB6FBB2}.Release|iPhoneSimulator.ActiveCfg = Release|Any CPU
		{9E532B8F-F43F-46A4-8858-5DC16EB6FBB2}.Release|iPhoneSimulator.Build.0 = Release|Any CPU
		{9E532B8F-F43F-46A4-8858-5DC16EB6FBB2}.Release|iPhoneSimulator.Deploy.0 = Release|Any CPU
		{9E532B8F-F43F-46A4-8858-5DC16EB6FBB2}.Release|x64.ActiveCfg = Release|Any CPU
		{9E532B8F-F43F-46A4-8858-5DC16EB6FBB2}.Release|x64.Build.0 = Release|Any CPU
		{9E532B8F-F43F-46A4-8858-5DC16EB6FBB2}.Release|x64.Deploy.0 = Release|Any CPU
		{9E532B8F-F43F-46A4-8858-5DC16EB6FBB2}.Release|x86.ActiveCfg = Release|x86
		{9E532B8F-F43F-46A4-8858-5DC16EB6FBB2}.Release|x86.Build.0 = Release|x86
		{9E532B8F-F43F-46A4-8858-5DC16EB6FBB2}.Release|x86.Deploy.0 = Release|x86
		{11DE721F-392A-4D48-9933-61573CD16F2A}.Ad-Hoc|Any CPU.ActiveCfg = Release|x86
		{11DE721F-392A-4D48-9933-61573CD16F2A}.Ad-Hoc|Any CPU.Build.0 = Release|x86
		{11DE721F-392A-4D48-9933-61573CD16F2A}.Ad-Hoc|Any CPU.Deploy.0 = Release|x86
		{11DE721F-392A-4D48-9933-61573CD16F2A}.Ad-Hoc|ARM.ActiveCfg = Release|ARM
		{11DE721F-392A-4D48-9933-61573CD16F2A}.Ad-Hoc|ARM.Build.0 = Release|ARM
		{11DE721F-392A-4D48-9933-61573CD16F2A}.Ad-Hoc|ARM.Deploy.0 = Release|ARM
		{11DE721F-392A-4D48-9933-61573CD16F2A}.Ad-Hoc|iPhone.ActiveCfg = Release|x86
		{11DE721F-392A-4D48-9933-61573CD16F2A}.Ad-Hoc|iPhone.Build.0 = Release|x86
		{11DE721F-392A-4D48-9933-61573CD16F2A}.Ad-Hoc|iPhone.Deploy.0 = Release|x86
		{11DE721F-392A-4D48-9933-61573CD16F2A}.Ad-Hoc|iPhoneSimulator.ActiveCfg = Release|x86
		{11DE721F-392A-4D48-9933-61573CD16F2A}.Ad-Hoc|iPhoneSimulator.Build.0 = Release|x86
		{11DE721F-392A-4D48-9933-61573CD16F2A}.Ad-Hoc|iPhoneSimulator.Deploy.0 = Release|x86
		{11DE721F-392A-4D48-9933-61573CD16F2A}.Ad-Hoc|x64.ActiveCfg = Release|x64
		{11DE721F-392A-4D48-9933-61573CD16F2A}.Ad-Hoc|x64.Build.0 = Release|x64
		{11DE721F-392A-4D48-9933-61573CD16F2A}.Ad-Hoc|x64.Deploy.0 = Release|x64
		{11DE721F-392A-4D48-9933-61573CD16F2A}.Ad-Hoc|x86.ActiveCfg = Release|x86
		{11DE721F-392A-4D48-9933-61573CD16F2A}.Ad-Hoc|x86.Build.0 = Release|x86
		{11DE721F-392A-4D48-9933-61573CD16F2A}.Ad-Hoc|x86.Deploy.0 = Release|x86
		{11DE721F-392A-4D48-9933-61573CD16F2A}.AppStore|Any CPU.ActiveCfg = Release|x86
		{11DE721F-392A-4D48-9933-61573CD16F2A}.AppStore|Any CPU.Build.0 = Release|x86
		{11DE721F-392A-4D48-9933-61573CD16F2A}.AppStore|Any CPU.Deploy.0 = Release|x86
		{11DE721F-392A-4D48-9933-61573CD16F2A}.AppStore|ARM.ActiveCfg = Release|ARM
		{11DE721F-392A-4D48-9933-61573CD16F2A}.AppStore|ARM.Build.0 = Release|ARM
		{11DE721F-392A-4D48-9933-61573CD16F2A}.AppStore|ARM.Deploy.0 = Release|ARM
		{11DE721F-392A-4D48-9933-61573CD16F2A}.AppStore|iPhone.ActiveCfg = Release|x86
		{11DE721F-392A-4D48-9933-61573CD16F2A}.AppStore|iPhone.Build.0 = Release|x86
		{11DE721F-392A-4D48-9933-61573CD16F2A}.AppStore|iPhone.Deploy.0 = Release|x86
		{11DE721F-392A-4D48-9933-61573CD16F2A}.AppStore|iPhoneSimulator.ActiveCfg = Release|x86
		{11DE721F-392A-4D48-9933-61573CD16F2A}.AppStore|iPhoneSimulator.Build.0 = Release|x86
		{11DE721F-392A-4D48-9933-61573CD16F2A}.AppStore|iPhoneSimulator.Deploy.0 = Release|x86
		{11DE721F-392A-4D48-9933-61573CD16F2A}.AppStore|x64.ActiveCfg = Release|x64
		{11DE721F-392A-4D48-9933-61573CD16F2A}.AppStore|x64.Build.0 = Release|x64
		{11DE721F-392A-4D48-9933-61573CD16F2A}.AppStore|x64.Deploy.0 = Release|x64
		{11DE721F-392A-4D48-9933-61573CD16F2A}.AppStore|x86.ActiveCfg = Release|x86
		{11DE721F-392A-4D48-9933-61573CD16F2A}.AppStore|x86.Build.0 = Release|x86
		{11DE721F-392A-4D48-9933-61573CD16F2A}.AppStore|x86.Deploy.0 = Release|x86
		{11DE721F-392A-4D48-9933-61573CD16F2A}.Debug|Any CPU.ActiveCfg = Debug|x86
		{11DE721F-392A-4D48-9933-61573CD16F2A}.Debug|ARM.ActiveCfg = Debug|ARM
		{11DE721F-392A-4D48-9933-61573CD16F2A}.Debug|ARM.Build.0 = Debug|ARM
		{11DE721F-392A-4D48-9933-61573CD16F2A}.Debug|ARM.Deploy.0 = Debug|ARM
		{11DE721F-392A-4D48-9933-61573CD16F2A}.Debug|iPhone.ActiveCfg = Debug|x86
		{11DE721F-392A-4D48-9933-61573CD16F2A}.Debug|iPhoneSimulator.ActiveCfg = Debug|x86
		{11DE721F-392A-4D48-9933-61573CD16F2A}.Debug|x64.ActiveCfg = Debug|x64
		{11DE721F-392A-4D48-9933-61573CD16F2A}.Debug|x64.Build.0 = Debug|x64
		{11DE721F-392A-4D48-9933-61573CD16F2A}.Debug|x64.Deploy.0 = Debug|x64
		{11DE721F-392A-4D48-9933-61573CD16F2A}.Debug|x86.ActiveCfg = Debug|x86
		{11DE721F-392A-4D48-9933-61573CD16F2A}.Debug|x86.Build.0 = Debug|x86
		{11DE721F-392A-4D48-9933-61573CD16F2A}.Debug|x86.Deploy.0 = Debug|x86
		{11DE721F-392A-4D48-9933-61573CD16F2A}.Release|Any CPU.ActiveCfg = Release|x86
		{11DE721F-392A-4D48-9933-61573CD16F2A}.Release|ARM.ActiveCfg = Release|ARM
		{11DE721F-392A-4D48-9933-61573CD16F2A}.Release|ARM.Build.0 = Release|ARM
		{11DE721F-392A-4D48-9933-61573CD16F2A}.Release|ARM.Deploy.0 = Release|ARM
		{11DE721F-392A-4D48-9933-61573CD16F2A}.Release|iPhone.ActiveCfg = Release|x86
		{11DE721F-392A-4D48-9933-61573CD16F2A}.Release|iPhoneSimulator.ActiveCfg = Release|x86
		{11DE721F-392A-4D48-9933-61573CD16F2A}.Release|x64.ActiveCfg = Release|x64
		{11DE721F-392A-4D48-9933-61573CD16F2A}.Release|x64.Build.0 = Release|x64
		{11DE721F-392A-4D48-9933-61573CD16F2A}.Release|x64.Deploy.0 = Release|x64
		{11DE721F-392A-4D48-9933-61573CD16F2A}.Release|x86.ActiveCfg = Release|x86
		{11DE721F-392A-4D48-9933-61573CD16F2A}.Release|x86.Build.0 = Release|x86
		{11DE721F-392A-4D48-9933-61573CD16F2A}.Release|x86.Deploy.0 = Release|x86
		{4700A658-D289-4886-85D9-15B809C98960}.Ad-Hoc|Any CPU.ActiveCfg = Release|Any CPU
		{4700A658-D289-4886-85D9-15B809C98960}.Ad-Hoc|Any CPU.Build.0 = Release|Any CPU
		{4700A658-D289-4886-85D9-15B809C98960}.Ad-Hoc|Any CPU.Deploy.0 = Release|Any CPU
		{4700A658-D289-4886-85D9-15B809C98960}.Ad-Hoc|ARM.ActiveCfg = Release|ARM
		{4700A658-D289-4886-85D9-15B809C98960}.Ad-Hoc|ARM.Build.0 = Release|ARM
		{4700A658-D289-4886-85D9-15B809C98960}.Ad-Hoc|ARM.Deploy.0 = Release|ARM
		{4700A658-D289-4886-85D9-15B809C98960}.Ad-Hoc|iPhone.ActiveCfg = Release|Any CPU
		{4700A658-D289-4886-85D9-15B809C98960}.Ad-Hoc|iPhone.Build.0 = Release|Any CPU
		{4700A658-D289-4886-85D9-15B809C98960}.Ad-Hoc|iPhone.Deploy.0 = Release|Any CPU
		{4700A658-D289-4886-85D9-15B809C98960}.Ad-Hoc|iPhoneSimulator.ActiveCfg = Release|Any CPU
		{4700A658-D289-4886-85D9-15B809C98960}.Ad-Hoc|iPhoneSimulator.Build.0 = Release|Any CPU
		{4700A658-D289-4886-85D9-15B809C98960}.Ad-Hoc|iPhoneSimulator.Deploy.0 = Release|Any CPU
		{4700A658-D289-4886-85D9-15B809C98960}.Ad-Hoc|x64.ActiveCfg = Release|x64
		{4700A658-D289-4886-85D9-15B809C98960}.Ad-Hoc|x64.Build.0 = Release|x64
		{4700A658-D289-4886-85D9-15B809C98960}.Ad-Hoc|x64.Deploy.0 = Release|x64
		{4700A658-D289-4886-85D9-15B809C98960}.Ad-Hoc|x86.ActiveCfg = Release|x86
		{4700A658-D289-4886-85D9-15B809C98960}.Ad-Hoc|x86.Build.0 = Release|x86
		{4700A658-D289-4886-85D9-15B809C98960}.Ad-Hoc|x86.Deploy.0 = Release|x86
		{4700A658-D289-4886-85D9-15B809C98960}.AppStore|Any CPU.ActiveCfg = Release|Any CPU
		{4700A658-D289-4886-85D9-15B809C98960}.AppStore|Any CPU.Build.0 = Release|Any CPU
		{4700A658-D289-4886-85D9-15B809C98960}.AppStore|Any CPU.Deploy.0 = Release|Any CPU
		{4700A658-D289-4886-85D9-15B809C98960}.AppStore|ARM.ActiveCfg = Release|ARM
		{4700A658-D289-4886-85D9-15B809C98960}.AppStore|ARM.Build.0 = Release|ARM
		{4700A658-D289-4886-85D9-15B809C98960}.AppStore|ARM.Deploy.0 = Release|ARM
		{4700A658-D289-4886-85D9-15B809C98960}.AppStore|iPhone.ActiveCfg = Release|Any CPU
		{4700A658-D289-4886-85D9-15B809C98960}.AppStore|iPhone.Build.0 = Release|Any CPU
		{4700A658-D289-4886-85D9-15B809C98960}.AppStore|iPhone.Deploy.0 = Release|Any CPU
		{4700A658-D289-4886-85D9-15B809C98960}.AppStore|iPhoneSimulator.ActiveCfg = Release|Any CPU
		{4700A658-D289-4886-85D9-15B809C98960}.AppStore|iPhoneSimulator.Build.0 = Release|Any CPU
		{4700A658-D289-4886-85D9-15B809C98960}.AppStore|iPhoneSimulator.Deploy.0 = Release|Any CPU
		{4700A658-D289-4886-85D9-15B809C98960}.AppStore|x64.ActiveCfg = Release|x64
		{4700A658-D289-4886-85D9-15B809C98960}.AppStore|x64.Build.0 = Release|x64
		{4700A658-D289-4886-85D9-15B809C98960}.AppStore|x64.Deploy.0 = Release|x64
		{4700A658-D289-4886-85D9-15B809C98960}.AppStore|x86.ActiveCfg = Release|x86
		{4700A658-D289-4886-85D9-15B809C98960}.AppStore|x86.Build.0 = Release|x86
		{4700A658-D289-4886-85D9-15B809C98960}.AppStore|x86.Deploy.0 = Release|x86
		{4700A658-D289-4886-85D9-15B809C98960}.Debug|Any CPU.ActiveCfg = Debug|Any CPU
		{4700A658-D289-4886-85D9-15B809C98960}.Debug|Any CPU.Build.0 = Debug|Any CPU
		{4700A658-D289-4886-85D9-15B809C98960}.Debug|Any CPU.Deploy.0 = Debug|Any CPU
		{4700A658-D289-4886-85D9-15B809C98960}.Debug|ARM.ActiveCfg = Debug|ARM
		{4700A658-D289-4886-85D9-15B809C98960}.Debug|ARM.Build.0 = Debug|ARM
		{4700A658-D289-4886-85D9-15B809C98960}.Debug|ARM.Deploy.0 = Debug|ARM
		{4700A658-D289-4886-85D9-15B809C98960}.Debug|iPhone.ActiveCfg = Debug|Any CPU
		{4700A658-D289-4886-85D9-15B809C98960}.Debug|iPhone.Build.0 = Debug|Any CPU
		{4700A658-D289-4886-85D9-15B809C98960}.Debug|iPhone.Deploy.0 = Debug|Any CPU
		{4700A658-D289-4886-85D9-15B809C98960}.Debug|iPhoneSimulator.ActiveCfg = Debug|Any CPU
		{4700A658-D289-4886-85D9-15B809C98960}.Debug|iPhoneSimulator.Build.0 = Debug|Any CPU
		{4700A658-D289-4886-85D9-15B809C98960}.Debug|iPhoneSimulator.Deploy.0 = Debug|Any CPU
		{4700A658-D289-4886-85D9-15B809C98960}.Debug|x64.ActiveCfg = Debug|x64
		{4700A658-D289-4886-85D9-15B809C98960}.Debug|x64.Build.0 = Debug|x64
		{4700A658-D289-4886-85D9-15B809C98960}.Debug|x64.Deploy.0 = Debug|x64
		{4700A658-D289-4886-85D9-15B809C98960}.Debug|x86.ActiveCfg = Debug|x86
		{4700A658-D289-4886-85D9-15B809C98960}.Debug|x86.Build.0 = Debug|x86
		{4700A658-D289-4886-85D9-15B809C98960}.Debug|x86.Deploy.0 = Debug|x86
		{4700A658-D289-4886-85D9-15B809C98960}.Release|Any CPU.ActiveCfg = Release|Any CPU
		{4700A658-D289-4886-85D9-15B809C98960}.Release|Any CPU.Build.0 = Release|Any CPU
		{4700A658-D289-4886-85D9-15B809C98960}.Release|Any CPU.Deploy.0 = Release|Any CPU
		{4700A658-D289-4886-85D9-15B809C98960}.Release|ARM.ActiveCfg = Release|ARM
		{4700A658-D289-4886-85D9-15B809C98960}.Release|ARM.Build.0 = Release|ARM
		{4700A658-D289-4886-85D9-15B809C98960}.Release|ARM.Deploy.0 = Release|ARM
		{4700A658-D289-4886-85D9-15B809C98960}.Release|iPhone.ActiveCfg = Release|Any CPU
		{4700A658-D289-4886-85D9-15B809C98960}.Release|iPhone.Build.0 = Release|Any CPU
		{4700A658-D289-4886-85D9-15B809C98960}.Release|iPhone.Deploy.0 = Release|Any CPU
		{4700A658-D289-4886-85D9-15B809C98960}.Release|iPhoneSimulator.ActiveCfg = Release|Any CPU
		{4700A658-D289-4886-85D9-15B809C98960}.Release|iPhoneSimulator.Build.0 = Release|Any CPU
		{4700A658-D289-4886-85D9-15B809C98960}.Release|iPhoneSimulator.Deploy.0 = Release|Any CPU
		{4700A658-D289-4886-85D9-15B809C98960}.Release|x64.ActiveCfg = Release|x64
		{4700A658-D289-4886-85D9-15B809C98960}.Release|x64.Build.0 = Release|x64
		{4700A658-D289-4886-85D9-15B809C98960}.Release|x64.Deploy.0 = Release|x64
		{4700A658-D289-4886-85D9-15B809C98960}.Release|x86.ActiveCfg = Release|x86
		{4700A658-D289-4886-85D9-15B809C98960}.Release|x86.Build.0 = Release|x86
		{4700A658-D289-4886-85D9-15B809C98960}.Release|x86.Deploy.0 = Release|x86
	EndGlobalSection
	GlobalSection(SolutionProperties) = preSolution
		HideSolutionNode = FALSE
	EndGlobalSection
EndGlobal
